
Microsoft Visual Studio Solution File, Format Version 12.00
# Visual Studio Version 17
VisualStudioVersion = 17.9.34701.34
MinimumVisualStudioVersion = 10.0.40219.1
Project("{FAE04EC0-301F-11D3-BF4B-00C04F79EFBC}") = "NetworkUtility", "NetworkUtility\NetworkUtility.csproj", "{39F026B8-B84F-43F2-B836-8C62A183A0EA}"
EndProject
Project("{2150E333-8FDC-42A3-9474-1A3956D46DE8}") = "Solution Items", "Solution Items", "{AEF79DFE-30A1-4143-AFDE-6C1EE038107B}"
	ProjectSection(SolutionItems) = preProject
		global.json = global.json
	EndProjectSection
EndProject
Project("{FAE04EC0-301F-11D3-BF4B-00C04F79EFBC}") = "NetworkUtility.Tests", "NetworkUtility.Tests\NetworkUtility.Tests.csproj", "{481D4B28-9399-4034-98FF-74EE3EB6EB8D}"
EndProject
Global
	GlobalSection(SolutionConfigurationPlatforms) = preSolution
		Debug|Any CPU = Debug|Any CPU
		Release|Any CPU = Release|Any CPU
	EndGlobalSection
	GlobalSection(ProjectConfigurationPlatforms) = postSolution
		{39F026B8-B84F-43F2-B836-8C62A183A0EA}.Debug|Any CPU.ActiveCfg = Debug|Any CPU
		{39F026B8-B84F-43F2-B836-8C62A183A0EA}.Debug|Any CPU.Build.0 = Debug|Any CPU
		{39F026B8-B84F-43F2-B836-8C62A183A0EA}.Release|Any CPU.ActiveCfg = Release|Any CPU
		{39F026B8-B84F-43F2-B836-8C62A183A0EA}.Release|Any CPU.Build.0 = Release|Any CPU
		{481D4B28-9399-4034-98FF-74EE3EB6EB8D}.Debug|Any CPU.ActiveCfg = Debug|Any CPU
		{481D4B28-9399-4034-98FF-74EE3EB6EB8D}.Debug|Any CPU.Build.0 = Debug|Any CPU
		{481D4B28-9399-4034-98FF-74EE3EB6EB8D}.Release|Any CPU.ActiveCfg = Release|Any CPU
		{481D4B28-9399-4034-98FF-74EE3EB6EB8D}.Release|Any CPU.Build.0 = Release|Any CPU
	EndGlobalSection
	GlobalSection(SolutionProperties) = preSolution
		HideSolutionNode = FALSE
	EndGlobalSection
	GlobalSection(ExtensibilityGlobals) = postSolution
		SolutionGuid = {0F6F89A1-05CE-437F-BB94-21A002B9A392}
	EndGlobalSection
EndGlobal
